
Microsoft Visual Studio Solution File, Format Version 12.00
# Visual Studio Version 16
VisualStudioVersion = 16.0.32929.386
MinimumVisualStudioVersion = 10.0.40219.1
Project("{FAE04EC0-301F-11D3-BF4B-00C04F79EFBC}") = "CouponModule", "CouponModule\CouponModule.csproj", "{857A7676-ADC9-43BF-B814-41FEB1C9B80B}"
EndProject
Global
	GlobalSection(SolutionConfigurationPlatforms) = preSolution
		Debug|Any CPU = Debug|Any CPU
		Release|Any CPU = Release|Any CPU
	EndGlobalSection
	GlobalSection(ProjectConfigurationPlatforms) = postSolution
		{857A7676-ADC9-43BF-B814-41FEB1C9B80B}.Debug|Any CPU.ActiveCfg = Debug|Any CPU
		{857A7676-ADC9-43BF-B814-41FEB1C9B80B}.Debug|Any CPU.Build.0 = Debug|Any CPU
		{857A7676-ADC9-43BF-B814-41FEB1C9B80B}.Release|Any CPU.ActiveCfg = Release|Any CPU
		{857A7676-ADC9-43BF-B814-41FEB1C9B80B}.Release|Any CPU.Build.0 = Release|Any CPU
	EndGlobalSection
	GlobalSection(SolutionProperties) = preSolution
		HideSolutionNode = FALSE
	EndGlobalSection
	GlobalSection(ExtensibilityGlobals) = postSolution
		SolutionGuid = {B8A35850-B38D-4D2E-B8FF-1285AE9CF282}
	EndGlobalSection
EndGlobal
